// !$*UTF8*$!
{
	archiveVersion = 1;
	classes = {
	};
	objectVersion = 46;
	objects = {

/* Begin PBXBuildFile section */
		2D0063D81A914E7E00818591 /* main.m in Sources */ = {isa = PBXBuildFile; fileRef = 2D0063D71A914E7E00818591 /* main.m */; };
		2D0063DB1A914E7E00818591 /* AppDelegate.m in Sources */ = {isa = PBXBuildFile; fileRef = 2D0063DA1A914E7E00818591 /* AppDelegate.m */; };
		2D0063DE1A914E7E00818591 /* GameScene.m in Sources */ = {isa = PBXBuildFile; fileRef = 2D0063DD1A914E7E00818591 /* GameScene.m */; };
		2D0063E31A914E7E00818591 /* GameViewController.m in Sources */ = {isa = PBXBuildFile; fileRef = 2D0063E21A914E7E00818591 /* GameViewController.m */; };
		2D0063E81A914E7E00818591 /* Images.xcassets in Resources */ = {isa = PBXBuildFile; fileRef = 2D0063E71A914E7E00818591 /* Images.xcassets */; };
		2D0063EB1A914E7E00818591 /* LaunchScreen.xib in Resources */ = {isa = PBXBuildFile; fileRef = 2D0063E91A914E7E00818591 /* LaunchScreen.xib */; };
		2D0063F71A914E7E00818591 /* ResponsiveGrowTests.m in Sources */ = {isa = PBXBuildFile; fileRef = 2D0063F61A914E7E00818591 /* ResponsiveGrowTests.m */; };
		2D4D68561A92337F007AFB4C /* Main.storyboard in Resources */ = {isa = PBXBuildFile; fileRef = 2D4D68551A92337F007AFB4C /* Main.storyboard */; };
		2D899E791A92051C002A9D56 /* DataNode.m in Sources */ = {isa = PBXBuildFile; fileRef = 2D899E781A92051C002A9D56 /* DataNode.m */; };
/* End PBXBuildFile section */

/* Begin PBXContainerItemProxy section */
		2D0063F11A914E7E00818591 /* PBXContainerItemProxy */ = {
			isa = PBXContainerItemProxy;
			containerPortal = 2D0063CA1A914E7E00818591 /* Project object */;
			proxyType = 1;
			remoteGlobalIDString = 2D0063D11A914E7E00818591;
			remoteInfo = ResponsiveGrow;
		};
/* End PBXContainerItemProxy section */

/* Begin PBXFileReference section */
		2D0063D21A914E7E00818591 /* ResponsiveGrow.app */ = {isa = PBXFileReference; explicitFileType = wrapper.application; includeInIndex = 0; path = ResponsiveGrow.app; sourceTree = BUILT_PRODUCTS_DIR; };
		2D0063D61A914E7E00818591 /* Info.plist */ = {isa = PBXFileReference; lastKnownFileType = text.plist.xml; path = Info.plist; sourceTree = "<group>"; };
		2D0063D71A914E7E00818591 /* main.m */ = {isa = PBXFileReference; lastKnownFileType = sourcecode.c.objc; path = main.m; sourceTree = "<group>"; };
		2D0063D91A914E7E00818591 /* AppDelegate.h */ = {isa = PBXFileReference; lastKnownFileType = sourcecode.c.h; path = AppDelegate.h; sourceTree = "<group>"; };
		2D0063DA1A914E7E00818591 /* AppDelegate.m */ = {isa = PBXFileReference; lastKnownFileType = sourcecode.c.objc; path = AppDelegate.m; sourceTree = "<group>"; };
		2D0063DC1A914E7E00818591 /* GameScene.h */ = {isa = PBXFileReference; lastKnownFileType = sourcecode.c.h; path = GameScene.h; sourceTree = "<group>"; };
		2D0063DD1A914E7E00818591 /* GameScene.m */ = {isa = PBXFileReference; lastKnownFileType = sourcecode.c.objc; path = GameScene.m; sourceTree = "<group>"; };
		2D0063E11A914E7E00818591 /* GameViewController.h */ = {isa = PBXFileReference; lastKnownFileType = sourcecode.c.h; path = GameViewController.h; sourceTree = "<group>"; };
		2D0063E21A914E7E00818591 /* GameViewController.m */ = {isa = PBXFileReference; lastKnownFileType = sourcecode.c.objc; path = GameViewController.m; sourceTree = "<group>"; };
		2D0063E71A914E7E00818591 /* Images.xcassets */ = {isa = PBXFileReference; lastKnownFileType = folder.assetcatalog; path = Images.xcassets; sourceTree = "<group>"; };
		2D0063EA1A914E7E00818591 /* Base */ = {isa = PBXFileReference; lastKnownFileType = file.xib; name = Base; path = Base.lproj/LaunchScreen.xib; sourceTree = "<group>"; };
		2D0063F01A914E7E00818591 /* ResponsiveGrowTests.xctest */ = {isa = PBXFileReference; explicitFileType = wrapper.cfbundle; includeInIndex = 0; path = ResponsiveGrowTests.xctest; sourceTree = BUILT_PRODUCTS_DIR; };
		2D0063F51A914E7E00818591 /* Info.plist */ = {isa = PBXFileReference; lastKnownFileType = text.plist.xml; path = Info.plist; sourceTree = "<group>"; };
		2D0063F61A914E7E00818591 /* ResponsiveGrowTests.m */ = {isa = PBXFileReference; lastKnownFileType = sourcecode.c.objc; path = ResponsiveGrowTests.m; sourceTree = "<group>"; };
		2D4D68551A92337F007AFB4C /* Main.storyboard */ = {isa = PBXFileReference; fileEncoding = 4; lastKnownFileType = file.storyboard; path = Main.storyboard; sourceTree = "<group>"; };
		2D899E771A92051C002A9D56 /* DataNode.h */ = {isa = PBXFileReference; fileEncoding = 4; lastKnownFileType = sourcecode.c.h; path = DataNode.h; sourceTree = "<group>"; };
		2D899E781A92051C002A9D56 /* DataNode.m */ = {isa = PBXFileReference; fileEncoding = 4; lastKnownFileType = sourcecode.c.objc; path = DataNode.m; sourceTree = "<group>"; };
/* End PBXFileReference section */

/* Begin PBXFrameworksBuildPhase section */
		2D0063CF1A914E7E00818591 /* Frameworks */ = {
			isa = PBXFrameworksBuildPhase;
			buildActionMask = 2147483647;
			files = (
			);
			runOnlyForDeploymentPostprocessing = 0;
		};
		2D0063ED1A914E7E00818591 /* Frameworks */ = {
			isa = PBXFrameworksBuildPhase;
			buildActionMask = 2147483647;
			files = (
			);
			runOnlyForDeploymentPostprocessing = 0;
		};
/* End PBXFrameworksBuildPhase section */

/* Begin PBXGroup section */
		2D0063C91A914E7E00818591 = {
			isa = PBXGroup;
			children = (
				2D0063D41A914E7E00818591 /* ResponsiveGrow */,
				2D0063F31A914E7E00818591 /* ResponsiveGrowTests */,
				2D0063D31A914E7E00818591 /* Products */,
			);
			sourceTree = "<group>";
		};
		2D0063D31A914E7E00818591 /* Products */ = {
			isa = PBXGroup;
			children = (
				2D0063D21A914E7E00818591 /* ResponsiveGrow.app */,
				2D0063F01A914E7E00818591 /* ResponsiveGrowTests.xctest */,
			);
			name = Products;
			sourceTree = "<group>";
		};
		2D0063D41A914E7E00818591 /* ResponsiveGrow */ = {
			isa = PBXGroup;
			children = (
				2D0063D91A914E7E00818591 /* AppDelegate.h */,
				2D0063DA1A914E7E00818591 /* AppDelegate.m */,
				2D0063E11A914E7E00818591 /* GameViewController.h */,
				2D0063E21A914E7E00818591 /* GameViewController.m */,
				2D0063DC1A914E7E00818591 /* GameScene.h */,
				2D0063DD1A914E7E00818591 /* GameScene.m */,
				2D899E771A92051C002A9D56 /* DataNode.h */,
				2D899E781A92051C002A9D56 /* DataNode.m */,
				2D4D68551A92337F007AFB4C /* Main.storyboard */,
				2D0063E71A914E7E00818591 /* Images.xcassets */,
				2D0063E91A914E7E00818591 /* LaunchScreen.xib */,
				2D0063D51A914E7E00818591 /* Supporting Files */,
			);
			path = ResponsiveGrow;
			sourceTree = "<group>";
		};
		2D0063D51A914E7E00818591 /* Supporting Files */ = {
			isa = PBXGroup;
			children = (
				2D0063D61A914E7E00818591 /* Info.plist */,
				2D0063D71A914E7E00818591 /* main.m */,
			);
			name = "Supporting Files";
			sourceTree = "<group>";
		};
		2D0063F31A914E7E00818591 /* ResponsiveGrowTests */ = {
			isa = PBXGroup;
			children = (
				2D0063F61A914E7E00818591 /* ResponsiveGrowTests.m */,
				2D0063F41A914E7E00818591 /* Supporting Files */,
			);
			path = ResponsiveGrowTests;
			sourceTree = "<group>";
		};
		2D0063F41A914E7E00818591 /* Supporting Files */ = {
			isa = PBXGroup;
			children = (
				2D0063F51A914E7E00818591 /* Info.plist */,
			);
			name = "Supporting Files";
			sourceTree = "<group>";
		};
/* End PBXGroup section */

/* Begin PBXNativeTarget section */
		2D0063D11A914E7E00818591 /* ResponsiveGrow */ = {
			isa = PBXNativeTarget;
			buildConfigurationList = 2D0063FA1A914E7E00818591 /* Build configuration list for PBXNativeTarget "ResponsiveGrow" */;
			buildPhases = (
				2D0063CE1A914E7E00818591 /* Sources */,
				2D0063CF1A914E7E00818591 /* Frameworks */,
				2D0063D01A914E7E00818591 /* Resources */,
			);
			buildRules = (
			);
			dependencies = (
			);
			name = ResponsiveGrow;
			productName = ResponsiveGrow;
			productReference = 2D0063D21A914E7E00818591 /* ResponsiveGrow.app */;
			productType = "com.apple.product-type.application";
		};
		2D0063EF1A914E7E00818591 /* ResponsiveGrowTests */ = {
			isa = PBXNativeTarget;
			buildConfigurationList = 2D0063FD1A914E7E00818591 /* Build configuration list for PBXNativeTarget "ResponsiveGrowTests" */;
			buildPhases = (
				2D0063EC1A914E7E00818591 /* Sources */,
				2D0063ED1A914E7E00818591 /* Frameworks */,
				2D0063EE1A914E7E00818591 /* Resources */,
			);
			buildRules = (
			);
			dependencies = (
				2D0063F21A914E7E00818591 /* PBXTargetDependency */,
			);
			name = ResponsiveGrowTests;
			productName = ResponsiveGrowTests;
			productReference = 2D0063F01A914E7E00818591 /* ResponsiveGrowTests.xctest */;
			productType = "com.apple.product-type.bundle.unit-test";
		};
/* End PBXNativeTarget section */

/* Begin PBXProject section */
		2D0063CA1A914E7E00818591 /* Project object */ = {
			isa = PBXProject;
			attributes = {
				LastUpgradeCheck = 0610;
				ORGANIZATIONNAME = mikemajzoub;
				TargetAttributes = {
					2D0063D11A914E7E00818591 = {
						CreatedOnToolsVersion = 6.1.1;
					};
					2D0063EF1A914E7E00818591 = {
						CreatedOnToolsVersion = 6.1.1;
						TestTargetID = 2D0063D11A914E7E00818591;
					};
				};
			};
			buildConfigurationList = 2D0063CD1A914E7E00818591 /* Build configuration list for PBXProject "ResponsiveGrow" */;
			compatibilityVersion = "Xcode 3.2";
			developmentRegion = English;
			hasScannedForEncodings = 0;
			knownRegions = (
				en,
				Base,
			);
			mainGroup = 2D0063C91A914E7E00818591;
			productRefGroup = 2D0063D31A914E7E00818591 /* Products */;
			projectDirPath = "";
			projectRoot = "";
			targets = (
				2D0063D11A914E7E00818591 /* ResponsiveGrow */,
				2D0063EF1A914E7E00818591 /* ResponsiveGrowTests */,
			);
		};
/* End PBXProject section */

/* Begin PBXResourcesBuildPhase section */
		2D0063D01A914E7E00818591 /* Resources */ = {
			isa = PBXResourcesBuildPhase;
			buildActionMask = 2147483647;
			files = (
				2D0063EB1A914E7E00818591 /* LaunchScreen.xib in Resources */,
				2D4D68561A92337F007AFB4C /* Main.storyboard in Resources */,
				2D0063E81A914E7E00818591 /* Images.xcassets in Resources */,
			);
			runOnlyForDeploymentPostprocessing = 0;
		};
		2D0063EE1A914E7E00818591 /* Resources */ = {
			isa = PBXResourcesBuildPhase;
			buildActionMask = 2147483647;
			files = (
			);
			runOnlyForDeploymentPostprocessing = 0;
		};
/* End PBXResourcesBuildPhase section */

/* Begin PBXSourcesBuildPhase section */
		2D0063CE1A914E7E00818591 /* Sources */ = {
			isa = PBXSourcesBuildPhase;
			buildActionMask = 2147483647;
			files = (
				2D0063E31A914E7E00818591 /* GameViewController.m in Sources */,
				2D0063DB1A914E7E00818591 /* AppDelegate.m in Sources */,
				2D899E791A92051C002A9D56 /* DataNode.m in Sources */,
				2D0063DE1A914E7E00818591 /* GameScene.m in Sources */,
				2D0063D81A914E7E00818591 /* main.m in Sources */,
			);
			runOnlyForDeploymentPostprocessing = 0;
		};
		2D0063EC1A914E7E00818591 /* Sources */ = {
			isa = PBXSourcesBuildPhase;
			buildActionMask = 2147483647;
			files = (
				2D0063F71A914E7E00818591 /* ResponsiveGrowTests.m in Sources */,
			);
			runOnlyForDeploymentPostprocessing = 0;
		};
/* End PBXSourcesBuildPhase section */

/* Begin PBXTargetDependency section */
		2D0063F21A914E7E00818591 /* PBXTargetDependency */ = {
			isa = PBXTargetDependency;
			target = 2D0063D11A914E7E00818591 /* ResponsiveGrow */;
			targetProxy = 2D0063F11A914E7E00818591 /* PBXContainerItemProxy */;
		};
/* End PBXTargetDependency section */

/* Begin PBXVariantGroup section */
		2D0063E91A914E7E00818591 /* LaunchScreen.xib */ = {
			isa = PBXVariantGroup;
			children = (
				2D0063EA1A914E7E00818591 /* Base */,
			);
			name = LaunchScreen.xib;
			sourceTree = "<group>";
		};
/* End PBXVariantGroup section */

/* Begin XCBuildConfiguration section */
		2D0063F81A914E7E00818591 /* Debug */ = {
			isa = XCBuildConfiguration;
			buildSettings = {
				ALWAYS_SEARCH_USER_PATHS = NO;
				CLANG_CXX_LANGUAGE_STANDARD = "gnu++0x";
				CLANG_CXX_LIBRARY = "libc++";
				CLANG_ENABLE_MODULES = YES;
				CLANG_ENABLE_OBJC_ARC = YES;
				CLANG_WARN_BOOL_CONVERSION = YES;
				CLANG_WARN_CONSTANT_CONVERSION = YES;
				CLANG_WARN_DIRECT_OBJC_ISA_USAGE = YES_ERROR;
				CLANG_WARN_EMPTY_BODY = YES;
				CLANG_WARN_ENUM_CONVERSION = YES;
				CLANG_WARN_INT_CONVERSION = YES;
				CLANG_WARN_OBJC_ROOT_CLASS = YES_ERROR;
				CLANG_WARN_UNREACHABLE_CODE = YES;
				CLANG_WARN__DUPLICATE_METHOD_MATCH = YES;
				"CODE_SIGN_IDENTITY[sdk=iphoneos*]" = "iPhone Developer";
				COPY_PHASE_STRIP = NO;
				ENABLE_STRICT_OBJC_MSGSEND = YES;
				GCC_C_LANGUAGE_STANDARD = gnu99;
				GCC_DYNAMIC_NO_PIC = NO;
				GCC_OPTIMIZATION_LEVEL = 0;
				GCC_PREPROCESSOR_DEFINITIONS = (
					"DEBUG=1",
					"$(inherited)",
				);
				GCC_SYMBOLS_PRIVATE_EXTERN = NO;
				GCC_WARN_64_TO_32_BIT_CONVERSION = YES;
				GCC_WARN_ABOUT_RETURN_TYPE = YES_ERROR;
				GCC_WARN_UNDECLARED_SELECTOR = YES;
				GCC_WARN_UNINITIALIZED_AUTOS = YES_AGGRESSIVE;
				GCC_WARN_UNUSED_FUNCTION = YES;
				GCC_WARN_UNUSED_VARIABLE = YES;
				IPHONEOS_DEPLOYMENT_TARGET = 8.1;
				MTL_ENABLE_DEBUG_INFO = YES;
				ONLY_ACTIVE_ARCH = YES;
				SDKROOT = iphoneos;
				TARGETED_DEVICE_FAMILY = "1,2";
			};
			name = Debug;
		};
		2D0063F91A914E7E00818591 /* Release */ = {
			isa = XCBuildConfiguration;
			buildSettings = {
				ALWAYS_SEARCH_USER_PATHS = NO;
				CLANG_CXX_LANGUAGE_STANDARD = "gnu++0x";
				CLANG_CXX_LIBRARY = "libc++";
				CLANG_ENABLE_MODULES = YES;
				CLANG_ENABLE_OBJC_ARC = YES;
				CLANG_WARN_BOOL_CONVERSION = YES;
				CLANG_WARN_CONSTANT_CONVERSION = YES;
				CLANG_WARN_DIRECT_OBJC_ISA_USAGE = YES_ERROR;
				CLANG_WARN_EMPTY_BODY = YES;
				CLANG_WARN_ENUM_CONVERSION = YES;
				CLANG_WARN_INT_CONVERSION = YES;
				CLANG_WARN_OBJC_ROOT_CLASS = YES_ERROR;
				CLANG_WARN_UNREACHABLE_CODE = YES;
				CLANG_WARN__DUPLICATE_METHOD_MATCH = YES;
				"CODE_SIGN_IDENTITY[sdk=iphoneos*]" = "iPhone Developer";
				COPY_PHASE_STRIP = YES;
				ENABLE_NS_ASSERTIONS = NO;
				ENABLE_STRICT_OBJC_MSGSEND = YES;
				GCC_C_LANGUAGE_STANDARD = gnu99;
				GCC_WARN_64_TO_32_BIT_CONVERSION = YES;
				GCC_WARN_ABOUT_RETURN_TYPE = YES_ERROR;
				GCC_WARN_UNDECLARED_SELECTOR = YES;
				GCC_WARN_UNINITIALIZED_AUTOS = YES_AGGRESSIVE;
				GCC_WARN_UNUSED_FUNCTION = YES;
				GCC_WARN_UNUSED_VARIABLE = YES;
				IPHONEOS_DEPLOYMENT_TARGET = 8.1;
				MTL_ENABLE_DEBUG_INFO = NO;
				SDKROOT = iphoneos;
				TARGETED_DEVICE_FAMILY = "1,2";
				VALIDATE_PRODUCT = YES;
			};
			name = Release;
		};
		2D0063FB1A914E7E00818591 /* Debug */ = {
			isa = XCBuildConfiguration;
			buildSettings = {
				ASSETCATALOG_COMPILER_APPICON_NAME = AppIcon;
				INFOPLIST_FILE = ResponsiveGrow/Info.plist;
				IPHONEOS_DEPLOYMENT_TARGET = 7.0;
				LD_RUNPATH_SEARCH_PATHS = "$(inherited) @executable_path/Frameworks";
				PRODUCT_NAME = "$(TARGET_NAME)";
				TARGETED_DEVICE_FAMILY = "1,2";
			};
			name = Debug;
		};
		2D0063FC1A914E7E00818591 /* Release */ = {
			isa = XCBuildConfiguration;
			buildSettings = {
				ASSETCATALOG_COMPILER_APPICON_NAME = AppIcon;
				INFOPLIST_FILE = ResponsiveGrow/Info.plist;
				IPHONEOS_DEPLOYMENT_TARGET = 7.0;
				LD_RUNPATH_SEARCH_PATHS = "$(inherited) @executable_path/Frameworks";
				PRODUCT_NAME = "$(TARGET_NAME)";
				TARGETED_DEVICE_FAMILY = "1,2";
			};
			name = Release;
		};
		2D0063FE1A914E7E00818591 /* Debug */ = {
			isa = XCBuildConfiguration;
			buildSettings = {
				BUNDLE_LOADER = "$(TEST_HOST)";
				FRAMEWORK_SEARCH_PATHS = (
					"$(SDKROOT)/Developer/Library/Frameworks",
					"$(inherited)",
				);
				GCC_PREPROCESSOR_DEFINITIONS = (
					"DEBUG=1",
					"$(inherited)",
				);
				INFOPLIST_FILE = ResponsiveGrowTests/Info.plist;
				LD_RUNPATH_SEARCH_PATHS = "$(inherited) @executable_path/Frameworks @loader_path/Frameworks";
				PRODUCT_NAME = "$(TARGET_NAME)";
				TEST_HOST = "$(BUILT_PRODUCTS_DIR)/ResponsiveGrow.app/ResponsiveGrow";
			};
			name = Debug;
		};
		2D0063FF1A914E7E00818591 /* Release */ = {
			isa = XCBuildConfiguration;
			buildSettings = {
				BUNDLE_LOADER = "$(TEST_HOST)";
				FRAMEWORK_SEARCH_PATHS = (
					"$(SDKROOT)/Developer/Library/Frameworks",
					"$(inherited)",
				);
				INFOPLIST_FILE = ResponsiveGrowTests/Info.plist;
				LD_RUNPATH_SEARCH_PATHS = "$(inherited) @executable_path/Frameworks @loader_path/Frameworks";
				PRODUCT_NAME = "$(TARGET_NAME)";
				TEST_HOST = "$(BUILT_PRODUCTS_DIR)/ResponsiveGrow.app/ResponsiveGrow";
			};
			name = Release;
		};
/* End XCBuildConfiguration section */

/* Begin XCConfigurationList section */
		2D0063CD1A914E7E00818591 /* Build configuration list for PBXProject "ResponsiveGrow" */ = {
			isa = XCConfigurationList;
			buildConfigurations = (
				2D0063F81A914E7E00818591 /* Debug */,
				2D0063F91A914E7E00818591 /* Release */,
			);
			defaultConfigurationIsVisible = 0;
			defaultConfigurationName = Release;
		};
		2D0063FA1A914E7E00818591 /* Build configuration list for PBXNativeTarget "ResponsiveGrow" */ = {
			isa = XCConfigurationList;
			buildConfigurations = (
				2D0063FB1A914E7E00818591 /* Debug */,
				2D0063FC1A914E7E00818591 /* Release */,
			);
			defaultConfigurationIsVisible = 0;
			defaultConfigurationName = Release;
		};
		2D0063FD1A914E7E00818591 /* Build configuration list for PBXNativeTarget "ResponsiveGrowTests" */ = {
			isa = XCConfigurationList;
			buildConfigurations = (
				2D0063FE1A914E7E00818591 /* Debug */,
				2D0063FF1A914E7E00818591 /* Release */,
			);
			defaultConfigurationIsVisible = 0;
			defaultConfigurationName = Release;
		};
/* End XCConfigurationList section */
	};
	rootObject = 2D0063CA1A914E7E00818591 /* Project object */;
}
